
Microsoft Visual Studio Solution File, Format Version 12.00
# Visual Studio Version 17
VisualStudioVersion = 17.10.35004.147
MinimumVisualStudioVersion = 10.0.40219.1
Project("{FAE04EC0-301F-11D3-BF4B-00C04F79EFBC}") = "Final_Project_Group_3", "Final_Project_Group_3\Final_Project_Group_3.csproj", "{3B44C33E-1AD8-4D24-A70A-466A7E565B23}"
EndProject
Global
	GlobalSection(SolutionConfigurationPlatforms) = preSolution
		Debug|Any CPU = Debug|Any CPU
		Release|Any CPU = Release|Any CPU
	EndGlobalSection
	GlobalSection(ProjectConfigurationPlatforms) = postSolution
		{3B44C33E-1AD8-4D24-A70A-466A7E565B23}.Debug|Any CPU.ActiveCfg = Debug|Any CPU
		{3B44C33E-1AD8-4D24-A70A-466A7E565B23}.Debug|Any CPU.Build.0 = Debug|Any CPU
		{3B44C33E-1AD8-4D24-A70A-466A7E565B23}.Release|Any CPU.ActiveCfg = Release|Any CPU
		{3B44C33E-1AD8-4D24-A70A-466A7E565B23}.Release|Any CPU.Build.0 = Release|Any CPU
	EndGlobalSection
	GlobalSection(SolutionProperties) = preSolution
		HideSolutionNode = FALSE
	EndGlobalSection
	GlobalSection(ExtensibilityGlobals) = postSolution
		SolutionGuid = {F30E92FF-5F98-4372-B0A6-FA2F6ED564C5}
	EndGlobalSection
EndGlobal
